
Microsoft Visual Studio Solution File, Format Version 12.00
# Visual Studio Version 17
VisualStudioVersion = 17.7.34031.279
MinimumVisualStudioVersion = 10.0.40219.1
Project("{FAE04EC0-301F-11D3-BF4B-00C04F79EFBC}") = "ProjetTp", "ProjetTp\ProjetTp.csproj", "{ABAF4EA1-FEA4-435F-ACC7-D5B90A735AF3}"
EndProject
Global
	GlobalSection(SolutionConfigurationPlatforms) = preSolution
		Debug|Any CPU = Debug|Any CPU
		Release|Any CPU = Release|Any CPU
	EndGlobalSection
	GlobalSection(ProjectConfigurationPlatforms) = postSolution
		{ABAF4EA1-FEA4-435F-ACC7-D5B90A735AF3}.Debug|Any CPU.ActiveCfg = Debug|Any CPU
		{ABAF4EA1-FEA4-435F-ACC7-D5B90A735AF3}.Debug|Any CPU.Build.0 = Debug|Any CPU
		{ABAF4EA1-FEA4-435F-ACC7-D5B90A735AF3}.Release|Any CPU.ActiveCfg = Release|Any CPU
		{ABAF4EA1-FEA4-435F-ACC7-D5B90A735AF3}.Release|Any CPU.Build.0 = Release|Any CPU
	EndGlobalSection
	GlobalSection(SolutionProperties) = preSolution
		HideSolutionNode = FALSE
	EndGlobalSection
	GlobalSection(ExtensibilityGlobals) = postSolution
		SolutionGuid = {5B692B72-18AF-4979-80AC-3A5CDA7CB4A0}
	EndGlobalSection
EndGlobal
